
Microsoft Visual Studio Solution File, Format Version 12.00
# Visual Studio Version 16
VisualStudioVersion = 16.0.28922.388
MinimumVisualStudioVersion = 10.0.40219.1
Project("{FAE04EC0-301F-11D3-BF4B-00C04F79EFBC}") = "HelloWorld", "HelloWorld\HelloWorld.csproj", "{13B61340-79F9-4234-B810-67571E592B1E}"
EndProject
Global
	GlobalSection(SolutionConfigurationPlatforms) = preSolution
		Debug|Any CPU = Debug|Any CPU
		Release|Any CPU = Release|Any CPU
	EndGlobalSection
	GlobalSection(ProjectConfigurationPlatforms) = postSolution
		{13B61340-79F9-4234-B810-67571E592B1E}.Debug|Any CPU.ActiveCfg = Debug|Any CPU
		{13B61340-79F9-4234-B810-67571E592B1E}.Debug|Any CPU.Build.0 = Debug|Any CPU
		{13B61340-79F9-4234-B810-67571E592B1E}.Release|Any CPU.ActiveCfg = Release|Any CPU
		{13B61340-79F9-4234-B810-67571E592B1E}.Release|Any CPU.Build.0 = Release|Any CPU
	EndGlobalSection
	GlobalSection(SolutionProperties) = preSolution
		HideSolutionNode = FALSE
	EndGlobalSection
	GlobalSection(ExtensibilityGlobals) = postSolution
		SolutionGuid = {4B01168A-ED44-45A4-8C80-EE6D6187E8A4}
	EndGlobalSection
EndGlobal
